
Microsoft Visual Studio Solution File, Format Version 12.00
# Visual Studio 15
VisualStudioVersion = 15.0.28307.168
MinimumVisualStudioVersion = 10.0.40219.1
Project("{2150E333-8FDC-42A3-9474-1A3956D46DE8}") = "Web", "Web", "{8B93147B-DE54-4615-9E33-A28D669D2474}"
EndProject
Project("{9A19103F-16F7-4668-BE54-9A1E7A4F7556}") = "shoplet.Web", "Web\shoplet.Web\shoplet.Web.csproj", "{8B8BA0D7-5055-46BE-85D5-6DBA03CB8F2E}"
EndProject
Project("{2150E333-8FDC-42A3-9474-1A3956D46DE8}") = "Data", "Data", "{A5DED6C0-9BF4-4119-9C4B-0AA236A31A7A}"
EndProject
Project("{9A19103F-16F7-4668-BE54-9A1E7A4F7556}") = "shoplet.Data", "Data\shoplet.Data\shoplet.Data.csproj", "{DEA664C7-A31C-467B-A8D2-BE33B9BE43CE}"
EndProject
Project("{9A19103F-16F7-4668-BE54-9A1E7A4F7556}") = "shoplet.Data.Models", "Data\shoplet.Data.Models\shoplet.Data.Models.csproj", "{5D3B15A2-389E-48E3-A643-663E81F0E3B6}"
EndProject
Project("{FAE04EC0-301F-11D3-BF4B-00C04F79EFBC}") = "shoplet.Data.Common", "shoplet.Data.Common\shoplet.Data.Common.csproj", "{FB155576-6A67-4FA0-97B9-530953A1E01A}"
EndProject
Global
	GlobalSection(SolutionConfigurationPlatforms) = preSolution
		Debug|Any CPU = Debug|Any CPU
		Release|Any CPU = Release|Any CPU
	EndGlobalSection
	GlobalSection(ProjectConfigurationPlatforms) = postSolution
		{8B8BA0D7-5055-46BE-85D5-6DBA03CB8F2E}.Debug|Any CPU.ActiveCfg = Debug|Any CPU
		{8B8BA0D7-5055-46BE-85D5-6DBA03CB8F2E}.Debug|Any CPU.Build.0 = Debug|Any CPU
		{8B8BA0D7-5055-46BE-85D5-6DBA03CB8F2E}.Release|Any CPU.ActiveCfg = Release|Any CPU
		{8B8BA0D7-5055-46BE-85D5-6DBA03CB8F2E}.Release|Any CPU.Build.0 = Release|Any CPU
		{DEA664C7-A31C-467B-A8D2-BE33B9BE43CE}.Debug|Any CPU.ActiveCfg = Debug|Any CPU
		{DEA664C7-A31C-467B-A8D2-BE33B9BE43CE}.Debug|Any CPU.Build.0 = Debug|Any CPU
		{DEA664C7-A31C-467B-A8D2-BE33B9BE43CE}.Release|Any CPU.ActiveCfg = Release|Any CPU
		{DEA664C7-A31C-467B-A8D2-BE33B9BE43CE}.Release|Any CPU.Build.0 = Release|Any CPU
		{5D3B15A2-389E-48E3-A643-663E81F0E3B6}.Debug|Any CPU.ActiveCfg = Debug|Any CPU
		{5D3B15A2-389E-48E3-A643-663E81F0E3B6}.Debug|Any CPU.Build.0 = Debug|Any CPU
		{5D3B15A2-389E-48E3-A643-663E81F0E3B6}.Release|Any CPU.ActiveCfg = Release|Any CPU
		{5D3B15A2-389E-48E3-A643-663E81F0E3B6}.Release|Any CPU.Build.0 = Release|Any CPU
		{FB155576-6A67-4FA0-97B9-530953A1E01A}.Debug|Any CPU.ActiveCfg = Debug|Any CPU
		{FB155576-6A67-4FA0-97B9-530953A1E01A}.Debug|Any CPU.Build.0 = Debug|Any CPU
		{FB155576-6A67-4FA0-97B9-530953A1E01A}.Release|Any CPU.ActiveCfg = Release|Any CPU
		{FB155576-6A67-4FA0-97B9-530953A1E01A}.Release|Any CPU.Build.0 = Release|Any CPU
	EndGlobalSection
	GlobalSection(SolutionProperties) = preSolution
		HideSolutionNode = FALSE
	EndGlobalSection
	GlobalSection(NestedProjects) = preSolution
		{8B8BA0D7-5055-46BE-85D5-6DBA03CB8F2E} = {8B93147B-DE54-4615-9E33-A28D669D2474}
		{DEA664C7-A31C-467B-A8D2-BE33B9BE43CE} = {A5DED6C0-9BF4-4119-9C4B-0AA236A31A7A}
		{5D3B15A2-389E-48E3-A643-663E81F0E3B6} = {A5DED6C0-9BF4-4119-9C4B-0AA236A31A7A}
		{FB155576-6A67-4FA0-97B9-530953A1E01A} = {A5DED6C0-9BF4-4119-9C4B-0AA236A31A7A}
	EndGlobalSection
	GlobalSection(ExtensibilityGlobals) = postSolution
		SolutionGuid = {426063BD-A969-4110-9FD2-1E01A7BCBCA6}
	EndGlobalSection
EndGlobal
